
Microsoft Visual Studio Solution File, Format Version 12.00
# Visual Studio Version 16
VisualStudioVersion = 16.0.30517.126
MinimumVisualStudioVersion = 10.0.40219.1
Project("{FAE04EC0-301F-11D3-BF4B-00C04F79EFBC}") = "WA_PortalCliente", "WA_PortalCliente\WA_PortalCliente.csproj", "{DE2EE8FE-4DBF-4629-8B1F-FAB6B35E9EF8}"
EndProject
Global
	GlobalSection(SolutionConfigurationPlatforms) = preSolution
		Debug|Any CPU = Debug|Any CPU
		Release|Any CPU = Release|Any CPU
	EndGlobalSection
	GlobalSection(ProjectConfigurationPlatforms) = postSolution
		{DE2EE8FE-4DBF-4629-8B1F-FAB6B35E9EF8}.Debug|Any CPU.ActiveCfg = Debug|Any CPU
		{DE2EE8FE-4DBF-4629-8B1F-FAB6B35E9EF8}.Debug|Any CPU.Build.0 = Debug|Any CPU
		{DE2EE8FE-4DBF-4629-8B1F-FAB6B35E9EF8}.Release|Any CPU.ActiveCfg = Release|Any CPU
		{DE2EE8FE-4DBF-4629-8B1F-FAB6B35E9EF8}.Release|Any CPU.Build.0 = Release|Any CPU
	EndGlobalSection
	GlobalSection(SolutionProperties) = preSolution
		HideSolutionNode = FALSE
	EndGlobalSection
	GlobalSection(ExtensibilityGlobals) = postSolution
		SolutionGuid = {EE6D9290-3165-4116-B1C9-CF2A5F87A275}
	EndGlobalSection
EndGlobal
